
Microsoft Visual Studio Solution File, Format Version 12.00
# Visual Studio Version 17
VisualStudioVersion = 17.1.32407.343
MinimumVisualStudioVersion = 10.0.40219.1
Project("{9A19103F-16F7-4668-BE54-9A1E7A4F7556}") = "IdentifiablePoints", "IdentifiablePoints\IdentifiablePoints.csproj", "{8CFB48FD-5E60-4EDD-B309-77D729C996F6}"
EndProject
Project("{9A19103F-16F7-4668-BE54-9A1E7A4F7556}") = "GradientDescentAlgorithm", "GradientDescentAlgorithm\GradientDescentAlgorithm.csproj", "{3B4B182A-7F46-4CD3-B205-F9809B1F9E88}"
EndProject
Project("{9A19103F-16F7-4668-BE54-9A1E7A4F7556}") = "LinearAlgebra", "LinearAlgebra\LinearAlgebra.csproj", "{D384C137-2B34-4F47-A1CC-B299EFA73BB5}"
EndProject
Project("{9A19103F-16F7-4668-BE54-9A1E7A4F7556}") = "PointCloudUtil", "PointCloudUtil\PointCloudUtil.csproj", "{B1B47B6A-0DEB-4D58-9CFA-3695C5DD5AA4}"
EndProject
Project("{9A19103F-16F7-4668-BE54-9A1E7A4F7556}") = "Tests", "Tests\Tests.csproj", "{43E3BD3C-604D-4A32-8E17-DEBD118DC1F1}"
EndProject
Project("{9A19103F-16F7-4668-BE54-9A1E7A4F7556}") = "PythonBindings", "PythonBindings\PythonBindings.csproj", "{659C4954-D339-4B2A-8E7A-C9EFC58B81E5}"
EndProject
Project("{9A19103F-16F7-4668-BE54-9A1E7A4F7556}") = "Utils", "Utils\Utils.csproj", "{2F5BB2BD-B6B7-47A9-B1D4-44CD5B111D34}"
EndProject
Project("{9A19103F-16F7-4668-BE54-9A1E7A4F7556}") = "Settings", "Settings\Settings.csproj", "{B9074AB9-61CE-40E4-B47C-B43DD93C7C0F}"
EndProject
Project("{9A19103F-16F7-4668-BE54-9A1E7A4F7556}") = "Experiments", "Experiments\Experiments.csproj", "{5B7BBA0C-DA69-4CA7-B386-4FD88C83EB2C}"
EndProject
Project("{9A19103F-16F7-4668-BE54-9A1E7A4F7556}") = "Main", "Main\Main.csproj", "{BF25FB3B-1999-40A5-9A76-AEB643198556}"
EndProject
Global
	GlobalSection(SolutionConfigurationPlatforms) = preSolution
		Debug|Any CPU = Debug|Any CPU
		Release|Any CPU = Release|Any CPU
	EndGlobalSection
	GlobalSection(ProjectConfigurationPlatforms) = postSolution
		{8CFB48FD-5E60-4EDD-B309-77D729C996F6}.Debug|Any CPU.ActiveCfg = Debug|Any CPU
		{8CFB48FD-5E60-4EDD-B309-77D729C996F6}.Debug|Any CPU.Build.0 = Debug|Any CPU
		{8CFB48FD-5E60-4EDD-B309-77D729C996F6}.Release|Any CPU.ActiveCfg = Release|Any CPU
		{8CFB48FD-5E60-4EDD-B309-77D729C996F6}.Release|Any CPU.Build.0 = Release|Any CPU
		{3B4B182A-7F46-4CD3-B205-F9809B1F9E88}.Debug|Any CPU.ActiveCfg = Debug|Any CPU
		{3B4B182A-7F46-4CD3-B205-F9809B1F9E88}.Debug|Any CPU.Build.0 = Debug|Any CPU
		{3B4B182A-7F46-4CD3-B205-F9809B1F9E88}.Release|Any CPU.ActiveCfg = Release|Any CPU
		{3B4B182A-7F46-4CD3-B205-F9809B1F9E88}.Release|Any CPU.Build.0 = Release|Any CPU
		{D384C137-2B34-4F47-A1CC-B299EFA73BB5}.Debug|Any CPU.ActiveCfg = Debug|Any CPU
		{D384C137-2B34-4F47-A1CC-B299EFA73BB5}.Debug|Any CPU.Build.0 = Debug|Any CPU
		{D384C137-2B34-4F47-A1CC-B299EFA73BB5}.Release|Any CPU.ActiveCfg = Release|Any CPU
		{D384C137-2B34-4F47-A1CC-B299EFA73BB5}.Release|Any CPU.Build.0 = Release|Any CPU
		{B1B47B6A-0DEB-4D58-9CFA-3695C5DD5AA4}.Debug|Any CPU.ActiveCfg = Debug|Any CPU
		{B1B47B6A-0DEB-4D58-9CFA-3695C5DD5AA4}.Debug|Any CPU.Build.0 = Debug|Any CPU
		{B1B47B6A-0DEB-4D58-9CFA-3695C5DD5AA4}.Release|Any CPU.ActiveCfg = Release|Any CPU
		{B1B47B6A-0DEB-4D58-9CFA-3695C5DD5AA4}.Release|Any CPU.Build.0 = Release|Any CPU
		{43E3BD3C-604D-4A32-8E17-DEBD118DC1F1}.Debug|Any CPU.ActiveCfg = Debug|Any CPU
		{43E3BD3C-604D-4A32-8E17-DEBD118DC1F1}.Debug|Any CPU.Build.0 = Debug|Any CPU
		{43E3BD3C-604D-4A32-8E17-DEBD118DC1F1}.Release|Any CPU.ActiveCfg = Release|Any CPU
		{43E3BD3C-604D-4A32-8E17-DEBD118DC1F1}.Release|Any CPU.Build.0 = Release|Any CPU
		{659C4954-D339-4B2A-8E7A-C9EFC58B81E5}.Debug|Any CPU.ActiveCfg = Debug|Any CPU
		{659C4954-D339-4B2A-8E7A-C9EFC58B81E5}.Debug|Any CPU.Build.0 = Debug|Any CPU
		{659C4954-D339-4B2A-8E7A-C9EFC58B81E5}.Release|Any CPU.ActiveCfg = Release|Any CPU
		{659C4954-D339-4B2A-8E7A-C9EFC58B81E5}.Release|Any CPU.Build.0 = Release|Any CPU
		{2F5BB2BD-B6B7-47A9-B1D4-44CD5B111D34}.Debug|Any CPU.ActiveCfg = Debug|Any CPU
		{2F5BB2BD-B6B7-47A9-B1D4-44CD5B111D34}.Debug|Any CPU.Build.0 = Debug|Any CPU
		{2F5BB2BD-B6B7-47A9-B1D4-44CD5B111D34}.Release|Any CPU.ActiveCfg = Release|Any CPU
		{2F5BB2BD-B6B7-47A9-B1D4-44CD5B111D34}.Release|Any CPU.Build.0 = Release|Any CPU
		{B9074AB9-61CE-40E4-B47C-B43DD93C7C0F}.Debug|Any CPU.ActiveCfg = Debug|Any CPU
		{B9074AB9-61CE-40E4-B47C-B43DD93C7C0F}.Debug|Any CPU.Build.0 = Debug|Any CPU
		{B9074AB9-61CE-40E4-B47C-B43DD93C7C0F}.Release|Any CPU.ActiveCfg = Release|Any CPU
		{B9074AB9-61CE-40E4-B47C-B43DD93C7C0F}.Release|Any CPU.Build.0 = Release|Any CPU
		{5B7BBA0C-DA69-4CA7-B386-4FD88C83EB2C}.Debug|Any CPU.ActiveCfg = Debug|Any CPU
		{5B7BBA0C-DA69-4CA7-B386-4FD88C83EB2C}.Debug|Any CPU.Build.0 = Debug|Any CPU
		{5B7BBA0C-DA69-4CA7-B386-4FD88C83EB2C}.Release|Any CPU.ActiveCfg = Release|Any CPU
		{5B7BBA0C-DA69-4CA7-B386-4FD88C83EB2C}.Release|Any CPU.Build.0 = Release|Any CPU
		{BF25FB3B-1999-40A5-9A76-AEB643198556}.Debug|Any CPU.ActiveCfg = Debug|Any CPU
		{BF25FB3B-1999-40A5-9A76-AEB643198556}.Debug|Any CPU.Build.0 = Debug|Any CPU
		{BF25FB3B-1999-40A5-9A76-AEB643198556}.Release|Any CPU.ActiveCfg = Release|Any CPU
		{BF25FB3B-1999-40A5-9A76-AEB643198556}.Release|Any CPU.Build.0 = Release|Any CPU
	EndGlobalSection
	GlobalSection(SolutionProperties) = preSolution
		HideSolutionNode = FALSE
	EndGlobalSection
	GlobalSection(ExtensibilityGlobals) = postSolution
		SolutionGuid = {3765FCC0-C719-41C4-90A3-EF40AA171225}
	EndGlobalSection
EndGlobal
